
Microsoft Visual Studio Solution File, Format Version 12.00
# Visual Studio Version 17
VisualStudioVersion = 17.12.35707.178
MinimumVisualStudioVersion = 10.0.40219.1
Project("{FAE04EC0-301F-11D3-BF4B-00C04F79EFBC}") = "Demo.Domain", "src\Demo.Domain\Demo.Domain.csproj", "{2367EDAE-0231-4418-A077-FC97664DB53C}"
EndProject
Project("{FAE04EC0-301F-11D3-BF4B-00C04F79EFBC}") = "Demo.Application", "src\Demo.Application\Demo.Application.csproj", "{D8D12678-5E5C-4B27-9839-42DC5D0BAA18}"
EndProject
Project("{FAE04EC0-301F-11D3-BF4B-00C04F79EFBC}") = "Demo.Infrastructure", "src\Demo.Infrastructure\Demo.Infrastructure.csproj", "{A173722C-FE91-46BC-B30E-E616432B6513}"
EndProject
Global
	GlobalSection(SolutionConfigurationPlatforms) = preSolution
		Debug|Any CPU = Debug|Any CPU
		Release|Any CPU = Release|Any CPU
	EndGlobalSection
	GlobalSection(ProjectConfigurationPlatforms) = postSolution
		{2367EDAE-0231-4418-A077-FC97664DB53C}.Debug|Any CPU.ActiveCfg = Debug|Any CPU
		{2367EDAE-0231-4418-A077-FC97664DB53C}.Debug|Any CPU.Build.0 = Debug|Any CPU
		{2367EDAE-0231-4418-A077-FC97664DB53C}.Release|Any CPU.ActiveCfg = Release|Any CPU
		{2367EDAE-0231-4418-A077-FC97664DB53C}.Release|Any CPU.Build.0 = Release|Any CPU
		{D8D12678-5E5C-4B27-9839-42DC5D0BAA18}.Debug|Any CPU.ActiveCfg = Debug|Any CPU
		{D8D12678-5E5C-4B27-9839-42DC5D0BAA18}.Debug|Any CPU.Build.0 = Debug|Any CPU
		{D8D12678-5E5C-4B27-9839-42DC5D0BAA18}.Release|Any CPU.ActiveCfg = Release|Any CPU
		{D8D12678-5E5C-4B27-9839-42DC5D0BAA18}.Release|Any CPU.Build.0 = Release|Any CPU
		{A173722C-FE91-46BC-B30E-E616432B6513}.Debug|Any CPU.ActiveCfg = Debug|Any CPU
		{A173722C-FE91-46BC-B30E-E616432B6513}.Debug|Any CPU.Build.0 = Debug|Any CPU
		{A173722C-FE91-46BC-B30E-E616432B6513}.Release|Any CPU.ActiveCfg = Release|Any CPU
		{A173722C-FE91-46BC-B30E-E616432B6513}.Release|Any CPU.Build.0 = Release|Any CPU
	EndGlobalSection
	GlobalSection(SolutionProperties) = preSolution
		HideSolutionNode = FALSE
	EndGlobalSection
EndGlobal
